// !$*UTF8*$!
{
	archiveVersion = 1;
	classes = {
	};
	objectVersion = 50;
	objects = {

/* Begin PBXBuildFile section */
		E3A091B32647E9B200E67CDD /* CurvedTabBarFloatingButton.framework in Frameworks */ = {isa = PBXBuildFile; fileRef = E3A091A92647E9B100E67CDD /* CurvedTabBarFloatingButton.framework */; };
		E3A091B82647E9B200E67CDD /* CurvedTabBarFloatingButtonTests.swift in Sources */ = {isa = PBXBuildFile; fileRef = E3A091B72647E9B200E67CDD /* CurvedTabBarFloatingButtonTests.swift */; };
		E3A091BA2647E9B200E67CDD /* CurvedTabBarFloatingButton.h in Headers */ = {isa = PBXBuildFile; fileRef = E3A091AC2647E9B100E67CDD /* CurvedTabBarFloatingButton.h */; settings = {ATTRIBUTES = (Public, ); }; };
		E3A091CA2647E9EA00E67CDD /* AppDelegate.swift in Sources */ = {isa = PBXBuildFile; fileRef = E3A091C92647E9EA00E67CDD /* AppDelegate.swift */; };
		E3A091CC2647E9EA00E67CDD /* SceneDelegate.swift in Sources */ = {isa = PBXBuildFile; fileRef = E3A091CB2647E9EA00E67CDD /* SceneDelegate.swift */; };
		E3A091CE2647E9EA00E67CDD /* ViewController.swift in Sources */ = {isa = PBXBuildFile; fileRef = E3A091CD2647E9EA00E67CDD /* ViewController.swift */; };
		E3A091D12647E9EA00E67CDD /* Main.storyboard in Resources */ = {isa = PBXBuildFile; fileRef = E3A091CF2647E9EA00E67CDD /* Main.storyboard */; };
		E3A091D32647E9EC00E67CDD /* Assets.xcassets in Resources */ = {isa = PBXBuildFile; fileRef = E3A091D22647E9EC00E67CDD /* Assets.xcassets */; };
		E3A091D62647E9EC00E67CDD /* LaunchScreen.storyboard in Resources */ = {isa = PBXBuildFile; fileRef = E3A091D42647E9EC00E67CDD /* LaunchScreen.storyboard */; };
		E3A091DC2647EB4200E67CDD /* CurvedTabBar.swift in Sources */ = {isa = PBXBuildFile; fileRef = E3A091DB2647EB4200E67CDD /* CurvedTabBar.swift */; };
		E3A091DE2647EBEF00E67CDD /* UIColor+extensions.swift in Sources */ = {isa = PBXBuildFile; fileRef = E3A091DD2647EBEF00E67CDD /* UIColor+extensions.swift */; };
		E3A091E02647ECDD00E67CDD /* CurvedTabBarController.swift in Sources */ = {isa = PBXBuildFile; fileRef = E3A091DF2647ECDD00E67CDD /* CurvedTabBarController.swift */; };
		E3A091E22647F9D700E67CDD /* CurvedTabBarControllerDelegate.swift in Sources */ = {isa = PBXBuildFile; fileRef = E3A091E12647F9D700E67CDD /* CurvedTabBarControllerDelegate.swift */; };
		E3A091E42647FB7100E67CDD /* UIButton+extensions.swift in Sources */ = {isa = PBXBuildFile; fileRef = E3A091E32647FB7100E67CDD /* UIButton+extensions.swift */; };
		E3A091E62648145300E67CDD /* TabBarViewController.swift in Sources */ = {isa = PBXBuildFile; fileRef = E3A091E52648145300E67CDD /* TabBarViewController.swift */; };
		E3A091E82648181800E67CDD /* CurvedTabBarFloatingButton.framework in Frameworks */ = {isa = PBXBuildFile; fileRef = E3A091A92647E9B100E67CDD /* CurvedTabBarFloatingButton.framework */; };
		E3A091E92648181800E67CDD /* CurvedTabBarFloatingButton.framework in Embed Frameworks */ = {isa = PBXBuildFile; fileRef = E3A091A92647E9B100E67CDD /* CurvedTabBarFloatingButton.framework */; settings = {ATTRIBUTES = (RemoveHeadersOnCopy, ); }; };
/* End PBXBuildFile section */

/* Begin PBXContainerItemProxy section */
		E3A091B42647E9B200E67CDD /* PBXContainerItemProxy */ = {
			isa = PBXContainerItemProxy;
			containerPortal = E3A091A02647E9B100E67CDD /* Project object */;
			proxyType = 1;
			remoteGlobalIDString = E3A091A82647E9B100E67CDD;
			remoteInfo = CurvedTabBarFloatingButton;
		};
		E3A091EA2648181800E67CDD /* PBXContainerItemProxy */ = {
			isa = PBXContainerItemProxy;
			containerPortal = E3A091A02647E9B100E67CDD /* Project object */;
			proxyType = 1;
			remoteGlobalIDString = E3A091A82647E9B100E67CDD;
			remoteInfo = CurvedTabBarFloatingButton;
		};
/* End PBXContainerItemProxy section */

/* Begin PBXCopyFilesBuildPhase section */
		E3A091EC2648181800E67CDD /* Embed Frameworks */ = {
			isa = PBXCopyFilesBuildPhase;
			buildActionMask = 2147483647;
			dstPath = "";
			dstSubfolderSpec = 10;
			files = (
				E3A091E92648181800E67CDD /* CurvedTabBarFloatingButton.framework in Embed Frameworks */,
			);
			name = "Embed Frameworks";
			runOnlyForDeploymentPostprocessing = 0;
		};
/* End PBXCopyFilesBuildPhase section */

/* Begin PBXFileReference section */
		E3A091A92647E9B100E67CDD /* CurvedTabBarFloatingButton.framework */ = {isa = PBXFileReference; explicitFileType = wrapper.framework; includeInIndex = 0; path = CurvedTabBarFloatingButton.framework; sourceTree = BUILT_PRODUCTS_DIR; };
		E3A091AC2647E9B100E67CDD /* CurvedTabBarFloatingButton.h */ = {isa = PBXFileReference; lastKnownFileType = sourcecode.c.h; path = CurvedTabBarFloatingButton.h; sourceTree = "<group>"; };
		E3A091AD2647E9B100E67CDD /* Info.plist */ = {isa = PBXFileReference; lastKnownFileType = text.plist.xml; path = Info.plist; sourceTree = "<group>"; };
		E3A091B22647E9B200E67CDD /* CurvedTabBarFloatingButtonTests.xctest */ = {isa = PBXFileReference; explicitFileType = wrapper.cfbundle; includeInIndex = 0; path = CurvedTabBarFloatingButtonTests.xctest; sourceTree = BUILT_PRODUCTS_DIR; };
		E3A091B72647E9B200E67CDD /* CurvedTabBarFloatingButtonTests.swift */ = {isa = PBXFileReference; lastKnownFileType = sourcecode.swift; path = CurvedTabBarFloatingButtonTests.swift; sourceTree = "<group>"; };
		E3A091B92647E9B200E67CDD /* Info.plist */ = {isa = PBXFileReference; lastKnownFileType = text.plist.xml; path = Info.plist; sourceTree = "<group>"; };
		E3A091C72647E9EA00E67CDD /* CurvedTabBarFloatingButtonExample.app */ = {isa = PBXFileReference; explicitFileType = wrapper.application; includeInIndex = 0; path = CurvedTabBarFloatingButtonExample.app; sourceTree = BUILT_PRODUCTS_DIR; };
		E3A091C92647E9EA00E67CDD /* AppDelegate.swift */ = {isa = PBXFileReference; lastKnownFileType = sourcecode.swift; path = AppDelegate.swift; sourceTree = "<group>"; };
		E3A091CB2647E9EA00E67CDD /* SceneDelegate.swift */ = {isa = PBXFileReference; lastKnownFileType = sourcecode.swift; path = SceneDelegate.swift; sourceTree = "<group>"; };
		E3A091CD2647E9EA00E67CDD /* ViewController.swift */ = {isa = PBXFileReference; lastKnownFileType = sourcecode.swift; path = ViewController.swift; sourceTree = "<group>"; };
		E3A091D02647E9EA00E67CDD /* Base */ = {isa = PBXFileReference; lastKnownFileType = file.storyboard; name = Base; path = Base.lproj/Main.storyboard; sourceTree = "<group>"; };
		E3A091D22647E9EC00E67CDD /* Assets.xcassets */ = {isa = PBXFileReference; lastKnownFileType = folder.assetcatalog; path = Assets.xcassets; sourceTree = "<group>"; };
		E3A091D52647E9EC00E67CDD /* Base */ = {isa = PBXFileReference; lastKnownFileType = file.storyboard; name = Base; path = Base.lproj/LaunchScreen.storyboard; sourceTree = "<group>"; };
		E3A091D72647E9EC00E67CDD /* Info.plist */ = {isa = PBXFileReference; lastKnownFileType = text.plist.xml; path = Info.plist; sourceTree = "<group>"; };
		E3A091DB2647EB4200E67CDD /* CurvedTabBar.swift */ = {isa = PBXFileReference; lastKnownFileType = sourcecode.swift; path = CurvedTabBar.swift; sourceTree = "<group>"; };
		E3A091DD2647EBEF00E67CDD /* UIColor+extensions.swift */ = {isa = PBXFileReference; lastKnownFileType = sourcecode.swift; path = "UIColor+extensions.swift"; sourceTree = "<group>"; };
		E3A091DF2647ECDD00E67CDD /* CurvedTabBarController.swift */ = {isa = PBXFileReference; lastKnownFileType = sourcecode.swift; path = CurvedTabBarController.swift; sourceTree = "<group>"; };
		E3A091E12647F9D700E67CDD /* CurvedTabBarControllerDelegate.swift */ = {isa = PBXFileReference; lastKnownFileType = sourcecode.swift; path = CurvedTabBarControllerDelegate.swift; sourceTree = "<group>"; };
		E3A091E32647FB7100E67CDD /* UIButton+extensions.swift */ = {isa = PBXFileReference; lastKnownFileType = sourcecode.swift; path = "UIButton+extensions.swift"; sourceTree = "<group>"; };
		E3A091E52648145300E67CDD /* TabBarViewController.swift */ = {isa = PBXFileReference; lastKnownFileType = sourcecode.swift; path = TabBarViewController.swift; sourceTree = "<group>"; };
/* End PBXFileReference section */

/* Begin PBXFrameworksBuildPhase section */
		E3A091A62647E9B100E67CDD /* Frameworks */ = {
			isa = PBXFrameworksBuildPhase;
			buildActionMask = 2147483647;
			files = (
			);
			runOnlyForDeploymentPostprocessing = 0;
		};
		E3A091AF2647E9B200E67CDD /* Frameworks */ = {
			isa = PBXFrameworksBuildPhase;
			buildActionMask = 2147483647;
			files = (
				E3A091B32647E9B200E67CDD /* CurvedTabBarFloatingButton.framework in Frameworks */,
			);
			runOnlyForDeploymentPostprocessing = 0;
		};
		E3A091C42647E9EA00E67CDD /* Frameworks */ = {
			isa = PBXFrameworksBuildPhase;
			buildActionMask = 2147483647;
			files = (
				E3A091E82648181800E67CDD /* CurvedTabBarFloatingButton.framework in Frameworks */,
			);
			runOnlyForDeploymentPostprocessing = 0;
		};
/* End PBXFrameworksBuildPhase section */

/* Begin PBXGroup section */
		E3A0919F2647E9B100E67CDD = {
			isa = PBXGroup;
			children = (
				E3A091AB2647E9B100E67CDD /* CurvedTabBarFloatingButton */,
				E3A091B62647E9B200E67CDD /* CurvedTabBarFloatingButtonTests */,
				E3A091C82647E9EA00E67CDD /* CurvedTabBarFloatingButtonExample */,
				E3A091AA2647E9B100E67CDD /* Products */,
				E3A091E72648181800E67CDD /* Frameworks */,
			);
			sourceTree = "<group>";
		};
		E3A091AA2647E9B100E67CDD /* Products */ = {
			isa = PBXGroup;
			children = (
				E3A091A92647E9B100E67CDD /* CurvedTabBarFloatingButton.framework */,
				E3A091B22647E9B200E67CDD /* CurvedTabBarFloatingButtonTests.xctest */,
				E3A091C72647E9EA00E67CDD /* CurvedTabBarFloatingButtonExample.app */,
			);
			name = Products;
			sourceTree = "<group>";
		};
		E3A091AB2647E9B100E67CDD /* CurvedTabBarFloatingButton */ = {
			isa = PBXGroup;
			children = (
				E3A091AC2647E9B100E67CDD /* CurvedTabBarFloatingButton.h */,
				E3A091AD2647E9B100E67CDD /* Info.plist */,
				E3A091DB2647EB4200E67CDD /* CurvedTabBar.swift */,
				E3A091DD2647EBEF00E67CDD /* UIColor+extensions.swift */,
				E3A091DF2647ECDD00E67CDD /* CurvedTabBarController.swift */,
				E3A091E12647F9D700E67CDD /* CurvedTabBarControllerDelegate.swift */,
				E3A091E32647FB7100E67CDD /* UIButton+extensions.swift */,
			);
			path = CurvedTabBarFloatingButton;
			sourceTree = "<group>";
		};
		E3A091B62647E9B200E67CDD /* CurvedTabBarFloatingButtonTests */ = {
			isa = PBXGroup;
			children = (
				E3A091B72647E9B200E67CDD /* CurvedTabBarFloatingButtonTests.swift */,
				E3A091B92647E9B200E67CDD /* Info.plist */,
			);
			path = CurvedTabBarFloatingButtonTests;
			sourceTree = "<group>";
		};
		E3A091C82647E9EA00E67CDD /* CurvedTabBarFloatingButtonExample */ = {
			isa = PBXGroup;
			children = (
				E3A091C92647E9EA00E67CDD /* AppDelegate.swift */,
				E3A091CB2647E9EA00E67CDD /* SceneDelegate.swift */,
				E3A091CD2647E9EA00E67CDD /* ViewController.swift */,
				E3A091CF2647E9EA00E67CDD /* Main.storyboard */,
				E3A091D22647E9EC00E67CDD /* Assets.xcassets */,
				E3A091D42647E9EC00E67CDD /* LaunchScreen.storyboard */,
				E3A091D72647E9EC00E67CDD /* Info.plist */,
				E3A091E52648145300E67CDD /* TabBarViewController.swift */,
			);
			path = CurvedTabBarFloatingButtonExample;
			sourceTree = "<group>";
		};
		E3A091E72648181800E67CDD /* Frameworks */ = {
			isa = PBXGroup;
			children = (
			);
			name = Frameworks;
			sourceTree = "<group>";
		};
/* End PBXGroup section */

/* Begin PBXHeadersBuildPhase section */
		E3A091A42647E9B100E67CDD /* Headers */ = {
			isa = PBXHeadersBuildPhase;
			buildActionMask = 2147483647;
			files = (
				E3A091BA2647E9B200E67CDD /* CurvedTabBarFloatingButton.h in Headers */,
			);
			runOnlyForDeploymentPostprocessing = 0;
		};
/* End PBXHeadersBuildPhase section */

/* Begin PBXNativeTarget section */
		E3A091A82647E9B100E67CDD /* CurvedTabBarFloatingButton */ = {
			isa = PBXNativeTarget;
			buildConfigurationList = E3A091BD2647E9B200E67CDD /* Build configuration list for PBXNativeTarget "CurvedTabBarFloatingButton" */;
			buildPhases = (
				E3A091A42647E9B100E67CDD /* Headers */,
				E3A091A52647E9B100E67CDD /* Sources */,
				E3A091A62647E9B100E67CDD /* Frameworks */,
				E3A091A72647E9B100E67CDD /* Resources */,
			);
			buildRules = (
			);
			dependencies = (
			);
			name = CurvedTabBarFloatingButton;
			productName = CurvedTabBarFloatingButton;
			productReference = E3A091A92647E9B100E67CDD /* CurvedTabBarFloatingButton.framework */;
			productType = "com.apple.product-type.framework";
		};
		E3A091B12647E9B200E67CDD /* CurvedTabBarFloatingButtonTests */ = {
			isa = PBXNativeTarget;
			buildConfigurationList = E3A091C02647E9B200E67CDD /* Build configuration list for PBXNativeTarget "CurvedTabBarFloatingButtonTests" */;
			buildPhases = (
				E3A091AE2647E9B200E67CDD /* Sources */,
				E3A091AF2647E9B200E67CDD /* Frameworks */,
				E3A091B02647E9B200E67CDD /* Resources */,
			);
			buildRules = (
			);
			dependencies = (
				E3A091B52647E9B200E67CDD /* PBXTargetDependency */,
			);
			name = CurvedTabBarFloatingButtonTests;
			productName = CurvedTabBarFloatingButtonTests;
			productReference = E3A091B22647E9B200E67CDD /* CurvedTabBarFloatingButtonTests.xctest */;
			productType = "com.apple.product-type.bundle.unit-test";
		};
		E3A091C62647E9EA00E67CDD /* CurvedTabBarFloatingButtonExample */ = {
			isa = PBXNativeTarget;
			buildConfigurationList = E3A091D82647E9EC00E67CDD /* Build configuration list for PBXNativeTarget "CurvedTabBarFloatingButtonExample" */;
			buildPhases = (
				E3A091C32647E9EA00E67CDD /* Sources */,
				E3A091C42647E9EA00E67CDD /* Frameworks */,
				E3A091C52647E9EA00E67CDD /* Resources */,
				E3A091EC2648181800E67CDD /* Embed Frameworks */,
			);
			buildRules = (
			);
			dependencies = (
				E3A091EB2648181800E67CDD /* PBXTargetDependency */,
			);
			name = CurvedTabBarFloatingButtonExample;
			productName = CurvedTabBarFloatingButtonExample;
			productReference = E3A091C72647E9EA00E67CDD /* CurvedTabBarFloatingButtonExample.app */;
			productType = "com.apple.product-type.application";
		};
/* End PBXNativeTarget section */

/* Begin PBXProject section */
		E3A091A02647E9B100E67CDD /* Project object */ = {
			isa = PBXProject;
			attributes = {
				LastSwiftUpdateCheck = 1250;
				LastUpgradeCheck = 1250;
				TargetAttributes = {
					E3A091A82647E9B100E67CDD = {
						CreatedOnToolsVersion = 12.5;
						LastSwiftMigration = 1250;
					};
					E3A091B12647E9B200E67CDD = {
						CreatedOnToolsVersion = 12.5;
					};
					E3A091C62647E9EA00E67CDD = {
						CreatedOnToolsVersion = 12.5;
					};
				};
			};
			buildConfigurationList = E3A091A32647E9B100E67CDD /* Build configuration list for PBXProject "CurvedTabBarFloatingButton" */;
			compatibilityVersion = "Xcode 9.3";
			developmentRegion = en;
			hasScannedForEncodings = 0;
			knownRegions = (
				en,
				Base,
			);
			mainGroup = E3A0919F2647E9B100E67CDD;
			productRefGroup = E3A091AA2647E9B100E67CDD /* Products */;
			projectDirPath = "";
			projectRoot = "";
			targets = (
				E3A091A82647E9B100E67CDD /* CurvedTabBarFloatingButton */,
				E3A091B12647E9B200E67CDD /* CurvedTabBarFloatingButtonTests */,
				E3A091C62647E9EA00E67CDD /* CurvedTabBarFloatingButtonExample */,
			);
		};
/* End PBXProject section */

/* Begin PBXResourcesBuildPhase section */
		E3A091A72647E9B100E67CDD /* Resources */ = {
			isa = PBXResourcesBuildPhase;
			buildActionMask = 2147483647;
			files = (
			);
			runOnlyForDeploymentPostprocessing = 0;
		};
		E3A091B02647E9B200E67CDD /* Resources */ = {
			isa = PBXResourcesBuildPhase;
			buildActionMask = 2147483647;
			files = (
			);
			runOnlyForDeploymentPostprocessing = 0;
		};
		E3A091C52647E9EA00E67CDD /* Resources */ = {
			isa = PBXResourcesBuildPhase;
			buildActionMask = 2147483647;
			files = (
				E3A091D62647E9EC00E67CDD /* LaunchScreen.storyboard in Resources */,
				E3A091D32647E9EC00E67CDD /* Assets.xcassets in Resources */,
				E3A091D12647E9EA00E67CDD /* Main.storyboard in Resources */,
			);
			runOnlyForDeploymentPostprocessing = 0;
		};
/* End PBXResourcesBuildPhase section */

/* Begin PBXSourcesBuildPhase section */
		E3A091A52647E9B100E67CDD /* Sources */ = {
			isa = PBXSourcesBuildPhase;
			buildActionMask = 2147483647;
			files = (
				E3A091E42647FB7100E67CDD /* UIButton+extensions.swift in Sources */,
				E3A091DC2647EB4200E67CDD /* CurvedTabBar.swift in Sources */,
				E3A091E02647ECDD00E67CDD /* CurvedTabBarController.swift in Sources */,
				E3A091DE2647EBEF00E67CDD /* UIColor+extensions.swift in Sources */,
				E3A091E22647F9D700E67CDD /* CurvedTabBarControllerDelegate.swift in Sources */,
			);
			runOnlyForDeploymentPostprocessing = 0;
		};
		E3A091AE2647E9B200E67CDD /* Sources */ = {
			isa = PBXSourcesBuildPhase;
			buildActionMask = 2147483647;
			files = (
				E3A091B82647E9B200E67CDD /* CurvedTabBarFloatingButtonTests.swift in Sources */,
			);
			runOnlyForDeploymentPostprocessing = 0;
		};
		E3A091C32647E9EA00E67CDD /* Sources */ = {
			isa = PBXSourcesBuildPhase;
			buildActionMask = 2147483647;
			files = (
				E3A091E62648145300E67CDD /* TabBarViewController.swift in Sources */,
				E3A091CE2647E9EA00E67CDD /* ViewController.swift in Sources */,
				E3A091CA2647E9EA00E67CDD /* AppDelegate.swift in Sources */,
				E3A091CC2647E9EA00E67CDD /* SceneDelegate.swift in Sources */,
			);
			runOnlyForDeploymentPostprocessing = 0;
		};
/* End PBXSourcesBuildPhase section */

/* Begin PBXTargetDependency section */
		E3A091B52647E9B200E67CDD /* PBXTargetDependency */ = {
			isa = PBXTargetDependency;
			target = E3A091A82647E9B100E67CDD /* CurvedTabBarFloatingButton */;
			targetProxy = E3A091B42647E9B200E67CDD /* PBXContainerItemProxy */;
		};
		E3A091EB2648181800E67CDD /* PBXTargetDependency */ = {
			isa = PBXTargetDependency;
			target = E3A091A82647E9B100E67CDD /* CurvedTabBarFloatingButton */;
			targetProxy = E3A091EA2648181800E67CDD /* PBXContainerItemProxy */;
		};
/* End PBXTargetDependency section */

/* Begin PBXVariantGroup section */
		E3A091CF2647E9EA00E67CDD /* Main.storyboard */ = {
			isa = PBXVariantGroup;
			children = (
				E3A091D02647E9EA00E67CDD /* Base */,
			);
			name = Main.storyboard;
			sourceTree = "<group>";
		};
		E3A091D42647E9EC00E67CDD /* LaunchScreen.storyboard */ = {
			isa = PBXVariantGroup;
			children = (
				E3A091D52647E9EC00E67CDD /* Base */,
			);
			name = LaunchScreen.storyboard;
			sourceTree = "<group>";
		};
/* End PBXVariantGroup section */

/* Begin XCBuildConfiguration section */
		E3A091BB2647E9B200E67CDD /* Debug */ = {
			isa = XCBuildConfiguration;
			buildSettings = {
				ALWAYS_SEARCH_USER_PATHS = NO;
				CLANG_ANALYZER_NONNULL = YES;
				CLANG_ANALYZER_NUMBER_OBJECT_CONVERSION = YES_AGGRESSIVE;
				CLANG_CXX_LANGUAGE_STANDARD = "gnu++14";
				CLANG_CXX_LIBRARY = "libc++";
				CLANG_ENABLE_MODULES = YES;
				CLANG_ENABLE_OBJC_ARC = YES;
				CLANG_ENABLE_OBJC_WEAK = YES;
				CLANG_WARN_BLOCK_CAPTURE_AUTORELEASING = YES;
				CLANG_WARN_BOOL_CONVERSION = YES;
				CLANG_WARN_COMMA = YES;
				CLANG_WARN_CONSTANT_CONVERSION = YES;
				CLANG_WARN_DEPRECATED_OBJC_IMPLEMENTATIONS = YES;
				CLANG_WARN_DIRECT_OBJC_ISA_USAGE = YES_ERROR;
				CLANG_WARN_DOCUMENTATION_COMMENTS = YES;
				CLANG_WARN_EMPTY_BODY = YES;
				CLANG_WARN_ENUM_CONVERSION = YES;
				CLANG_WARN_INFINITE_RECURSION = YES;
				CLANG_WARN_INT_CONVERSION = YES;
				CLANG_WARN_NON_LITERAL_NULL_CONVERSION = YES;
				CLANG_WARN_OBJC_IMPLICIT_RETAIN_SELF = YES;
				CLANG_WARN_OBJC_LITERAL_CONVERSION = YES;
				CLANG_WARN_OBJC_ROOT_CLASS = YES_ERROR;
				CLANG_WARN_QUOTED_INCLUDE_IN_FRAMEWORK_HEADER = YES;
				CLANG_WARN_RANGE_LOOP_ANALYSIS = YES;
				CLANG_WARN_STRICT_PROTOTYPES = YES;
				CLANG_WARN_SUSPICIOUS_MOVE = YES;
				CLANG_WARN_UNGUARDED_AVAILABILITY = YES_AGGRESSIVE;
				CLANG_WARN_UNREACHABLE_CODE = YES;
				CLANG_WARN__DUPLICATE_METHOD_MATCH = YES;
				COPY_PHASE_STRIP = NO;
				CURRENT_PROJECT_VERSION = 1;
				DEBUG_INFORMATION_FORMAT = dwarf;
				ENABLE_STRICT_OBJC_MSGSEND = YES;
				ENABLE_TESTABILITY = YES;
				GCC_C_LANGUAGE_STANDARD = gnu11;
				GCC_DYNAMIC_NO_PIC = NO;
				GCC_NO_COMMON_BLOCKS = YES;
				GCC_OPTIMIZATION_LEVEL = 0;
				GCC_PREPROCESSOR_DEFINITIONS = (
					"DEBUG=1",
					"$(inherited)",
				);
				GCC_WARN_64_TO_32_BIT_CONVERSION = YES;
				GCC_WARN_ABOUT_RETURN_TYPE = YES_ERROR;
				GCC_WARN_UNDECLARED_SELECTOR = YES;
				GCC_WARN_UNINITIALIZED_AUTOS = YES_AGGRESSIVE;
				GCC_WARN_UNUSED_FUNCTION = YES;
				GCC_WARN_UNUSED_VARIABLE = YES;
				IPHONEOS_DEPLOYMENT_TARGET = 14.5;
				MTL_ENABLE_DEBUG_INFO = INCLUDE_SOURCE;
				MTL_FAST_MATH = YES;
				ONLY_ACTIVE_ARCH = YES;
				SDKROOT = iphoneos;
				SWIFT_ACTIVE_COMPILATION_CONDITIONS = DEBUG;
				SWIFT_OPTIMIZATION_LEVEL = "-Onone";
				VERSIONING_SYSTEM = "apple-generic";
				VERSION_INFO_PREFIX = "";
			};
			name = Debug;
		};
		E3A091BC2647E9B200E67CDD /* Release */ = {
			isa = XCBuildConfiguration;
			buildSettings = {
				ALWAYS_SEARCH_USER_PATHS = NO;
				CLANG_ANALYZER_NONNULL = YES;
				CLANG_ANALYZER_NUMBER_OBJECT_CONVERSION = YES_AGGRESSIVE;
				CLANG_CXX_LANGUAGE_STANDARD = "gnu++14";
				CLANG_CXX_LIBRARY = "libc++";
				CLANG_ENABLE_MODULES = YES;
				CLANG_ENABLE_OBJC_ARC = YES;
				CLANG_ENABLE_OBJC_WEAK = YES;
				CLANG_WARN_BLOCK_CAPTURE_AUTORELEASING = YES;
				CLANG_WARN_BOOL_CONVERSION = YES;
				CLANG_WARN_COMMA = YES;
				CLANG_WARN_CONSTANT_CONVERSION = YES;
				CLANG_WARN_DEPRECATED_OBJC_IMPLEMENTATIONS = YES;
				CLANG_WARN_DIRECT_OBJC_ISA_USAGE = YES_ERROR;
				CLANG_WARN_DOCUMENTATION_COMMENTS = YES;
				CLANG_WARN_EMPTY_BODY = YES;
				CLANG_WARN_ENUM_CONVERSION = YES;
				CLANG_WARN_INFINITE_RECURSION = YES;
				CLANG_WARN_INT_CONVERSION = YES;
				CLANG_WARN_NON_LITERAL_NULL_CONVERSION = YES;
				CLANG_WARN_OBJC_IMPLICIT_RETAIN_SELF = YES;
				CLANG_WARN_OBJC_LITERAL_CONVERSION = YES;
				CLANG_WARN_OBJC_ROOT_CLASS = YES_ERROR;
				CLANG_WARN_QUOTED_INCLUDE_IN_FRAMEWORK_HEADER = YES;
				CLANG_WARN_RANGE_LOOP_ANALYSIS = YES;
				CLANG_WARN_STRICT_PROTOTYPES = YES;
				CLANG_WARN_SUSPICIOUS_MOVE = YES;
				CLANG_WARN_UNGUARDED_AVAILABILITY = YES_AGGRESSIVE;
				CLANG_WARN_UNREACHABLE_CODE = YES;
				CLANG_WARN__DUPLICATE_METHOD_MATCH = YES;
				COPY_PHASE_STRIP = NO;
				CURRENT_PROJECT_VERSION = 1;
				DEBUG_INFORMATION_FORMAT = "dwarf-with-dsym";
				ENABLE_NS_ASSERTIONS = NO;
				ENABLE_STRICT_OBJC_MSGSEND = YES;
				GCC_C_LANGUAGE_STANDARD = gnu11;
				GCC_NO_COMMON_BLOCKS = YES;
				GCC_WARN_64_TO_32_BIT_CONVERSION = YES;
				GCC_WARN_ABOUT_RETURN_TYPE = YES_ERROR;
				GCC_WARN_UNDECLARED_SELECTOR = YES;
				GCC_WARN_UNINITIALIZED_AUTOS = YES_AGGRESSIVE;
				GCC_WARN_UNUSED_FUNCTION = YES;
				GCC_WARN_UNUSED_VARIABLE = YES;
				IPHONEOS_DEPLOYMENT_TARGET = 14.5;
				MTL_ENABLE_DEBUG_INFO = NO;
				MTL_FAST_MATH = YES;
				SDKROOT = iphoneos;
				SWIFT_COMPILATION_MODE = wholemodule;
				SWIFT_OPTIMIZATION_LEVEL = "-O";
				VALIDATE_PRODUCT = YES;
				VERSIONING_SYSTEM = "apple-generic";
				VERSION_INFO_PREFIX = "";
			};
			name = Release;
		};
		E3A091BE2647E9B200E67CDD /* Debug */ = {
			isa = XCBuildConfiguration;
			buildSettings = {
				CLANG_ENABLE_MODULES = YES;
				CODE_SIGN_STYLE = Automatic;
				DEFINES_MODULE = YES;
				DYLIB_COMPATIBILITY_VERSION = 1;
				DYLIB_CURRENT_VERSION = 1;
				DYLIB_INSTALL_NAME_BASE = "@rpath";
				INFOPLIST_FILE = CurvedTabBarFloatingButton/Info.plist;
				INSTALL_PATH = "$(LOCAL_LIBRARY_DIR)/Frameworks";
				LD_RUNPATH_SEARCH_PATHS = (
					"$(inherited)",
					"@executable_path/Frameworks",
					"@loader_path/Frameworks",
				);
				PRODUCT_BUNDLE_IDENTIFIER = com.razvan.CurvedTabBarFloatingButton;
				PRODUCT_NAME = "$(TARGET_NAME:c99extidentifier)";
				SKIP_INSTALL = YES;
				SWIFT_OPTIMIZATION_LEVEL = "-Onone";
				SWIFT_VERSION = 5.0;
				TARGETED_DEVICE_FAMILY = "1,2";
			};
			name = Debug;
		};
		E3A091BF2647E9B200E67CDD /* Release */ = {
			isa = XCBuildConfiguration;
			buildSettings = {
				CLANG_ENABLE_MODULES = YES;
				CODE_SIGN_STYLE = Automatic;
				DEFINES_MODULE = YES;
				DYLIB_COMPATIBILITY_VERSION = 1;
				DYLIB_CURRENT_VERSION = 1;
				DYLIB_INSTALL_NAME_BASE = "@rpath";
				INFOPLIST_FILE = CurvedTabBarFloatingButton/Info.plist;
				INSTALL_PATH = "$(LOCAL_LIBRARY_DIR)/Frameworks";
				LD_RUNPATH_SEARCH_PATHS = (
					"$(inherited)",
					"@executable_path/Frameworks",
					"@loader_path/Frameworks",
				);
				PRODUCT_BUNDLE_IDENTIFIER = com.razvan.CurvedTabBarFloatingButton;
				PRODUCT_NAME = "$(TARGET_NAME:c99extidentifier)";
				SKIP_INSTALL = YES;
				SWIFT_VERSION = 5.0;
				TARGETED_DEVICE_FAMILY = "1,2";
			};
			name = Release;
		};
		E3A091C12647E9B200E67CDD /* Debug */ = {
			isa = XCBuildConfiguration;
			buildSettings = {
				ALWAYS_EMBED_SWIFT_STANDARD_LIBRARIES = YES;
				CODE_SIGN_STYLE = Automatic;
				INFOPLIST_FILE = CurvedTabBarFloatingButtonTests/Info.plist;
				LD_RUNPATH_SEARCH_PATHS = (
					"$(inherited)",
					"@executable_path/Frameworks",
					"@loader_path/Frameworks",
				);
				PRODUCT_BUNDLE_IDENTIFIER = com.razvan.CurvedTabBarFloatingButtonTests;
				PRODUCT_NAME = "$(TARGET_NAME)";
				SWIFT_VERSION = 5.0;
				TARGETED_DEVICE_FAMILY = "1,2";
			};
			name = Debug;
		};
		E3A091C22647E9B200E67CDD /* Release */ = {
			isa = XCBuildConfiguration;
			buildSettings = {
				ALWAYS_EMBED_SWIFT_STANDARD_LIBRARIES = YES;
				CODE_SIGN_STYLE = Automatic;
				INFOPLIST_FILE = CurvedTabBarFloatingButtonTests/Info.plist;
				LD_RUNPATH_SEARCH_PATHS = (
					"$(inherited)",
					"@executable_path/Frameworks",
					"@loader_path/Frameworks",
				);
				PRODUCT_BUNDLE_IDENTIFIER = com.razvan.CurvedTabBarFloatingButtonTests;
				PRODUCT_NAME = "$(TARGET_NAME)";
				SWIFT_VERSION = 5.0;
				TARGETED_DEVICE_FAMILY = "1,2";
			};
			name = Release;
		};
		E3A091D92647E9EC00E67CDD /* Debug */ = {
			isa = XCBuildConfiguration;
			buildSettings = {
				ASSETCATALOG_COMPILER_APPICON_NAME = AppIcon;
				ASSETCATALOG_COMPILER_GLOBAL_ACCENT_COLOR_NAME = AccentColor;
				CODE_SIGN_STYLE = Automatic;
				DEVELOPMENT_TEAM = H55V68K4TY;
				INFOPLIST_FILE = CurvedTabBarFloatingButtonExample/Info.plist;
				LD_RUNPATH_SEARCH_PATHS = (
					"$(inherited)",
					"@executable_path/Frameworks",
				);
				PRODUCT_BUNDLE_IDENTIFIER = com.razvan.CurvedTabBarFloatingButtonExample;
				PRODUCT_NAME = "$(TARGET_NAME)";
				SWIFT_VERSION = 5.0;
				TARGETED_DEVICE_FAMILY = "1,2";
			};
			name = Debug;
		};
		E3A091DA2647E9EC00E67CDD /* Release */ = {
			isa = XCBuildConfiguration;
			buildSettings = {
				ASSETCATALOG_COMPILER_APPICON_NAME = AppIcon;
				ASSETCATALOG_COMPILER_GLOBAL_ACCENT_COLOR_NAME = AccentColor;
				CODE_SIGN_STYLE = Automatic;
				DEVELOPMENT_TEAM = H55V68K4TY;
				INFOPLIST_FILE = CurvedTabBarFloatingButtonExample/Info.plist;
				LD_RUNPATH_SEARCH_PATHS = (
					"$(inherited)",
					"@executable_path/Frameworks",
				);
				PRODUCT_BUNDLE_IDENTIFIER = com.razvan.CurvedTabBarFloatingButtonExample;
				PRODUCT_NAME = "$(TARGET_NAME)";
				SWIFT_VERSION = 5.0;
				TARGETED_DEVICE_FAMILY = "1,2";
			};
			name = Release;
		};
/* End XCBuildConfiguration section */

/* Begin XCConfigurationList section */
		E3A091A32647E9B100E67CDD /* Build configuration list for PBXProject "CurvedTabBarFloatingButton" */ = {
			isa = XCConfigurationList;
			buildConfigurations = (
				E3A091BB2647E9B200E67CDD /* Debug */,
				E3A091BC2647E9B200E67CDD /* Release */,
			);
			defaultConfigurationIsVisible = 0;
			defaultConfigurationName = Release;
		};
		E3A091BD2647E9B200E67CDD /* Build configuration list for PBXNativeTarget "CurvedTabBarFloatingButton" */ = {
			isa = XCConfigurationList;
			buildConfigurations = (
				E3A091BE2647E9B200E67CDD /* Debug */,
				E3A091BF2647E9B200E67CDD /* Release */,
			);
			defaultConfigurationIsVisible = 0;
			defaultConfigurationName = Release;
		};
		E3A091C02647E9B200E67CDD /* Build configuration list for PBXNativeTarget "CurvedTabBarFloatingButtonTests" */ = {
			isa = XCConfigurationList;
			buildConfigurations = (
				E3A091C12647E9B200E67CDD /* Debug */,
				E3A091C22647E9B200E67CDD /* Release */,
			);
			defaultConfigurationIsVisible = 0;
			defaultConfigurationName = Release;
		};
		E3A091D82647E9EC00E67CDD /* Build configuration list for PBXNativeTarget "CurvedTabBarFloatingButtonExample" */ = {
			isa = XCConfigurationList;
			buildConfigurations = (
				E3A091D92647E9EC00E67CDD /* Debug */,
				E3A091DA2647E9EC00E67CDD /* Release */,
			);
			defaultConfigurationIsVisible = 0;
			defaultConfigurationName = Release;
		};
/* End XCConfigurationList section */
	};
	rootObject = E3A091A02647E9B100E67CDD /* Project object */;
}
